{
  "requires": true,
  "lockfileVersion": 1,
  "dependencies": {
    "simplex-noise": {
      "version": "2.4.0",
      "resolved": "https://registry.npmjs.org/simplex-noise/-/simplex-noise-2.4.0.tgz",
      "integrity": "sha512-OjyDWm/QZjVbMrPxDVi9b2as+SeNn9EBXlrWVRlFW+TSyWMSXouDryXkQN0vf5YP+QZKobrmkvx1eQYPLtuqfw=="
    }
  }
}
